{
  "name": "personal-blog",
  "lockfileVersion": 2,
  "requires": true,
  "packages": {
    "": {
      "dependencies": {
        "gatsby-plugin-google-fonts": "^1.0.1"
      }
    },
    "node_modules/gatsby-plugin-google-fonts": {
      "version": "1.0.1",
      "resolved": "https://registry.npmjs.org/gatsby-plugin-google-fonts/-/gatsby-plugin-google-fonts-1.0.1.tgz",
      "integrity": "sha512-p1NVkn27GUnDA5qHM+Z4cCcLCJIardzZXMon3640sT4xuL/AZJbsx3HEt2KY/5oZu0UXIkytkxzV2Da4rQeUIg=="
    }
  },
  "dependencies": {
    "gatsby-plugin-google-fonts": {
      "version": "1.0.1",
      "resolved": "https://registry.npmjs.org/gatsby-plugin-google-fonts/-/gatsby-plugin-google-fonts-1.0.1.tgz",
      "integrity": "sha512-p1NVkn27GUnDA5qHM+Z4cCcLCJIardzZXMon3640sT4xuL/AZJbsx3HEt2KY/5oZu0UXIkytkxzV2Da4rQeUIg=="
    }
  }
}
